
Microsoft Visual Studio Solution File, Format Version 12.00
# Visual Studio 2012
Project("{FAE04EC0-301F-11D3-BF4B-00C04F79EFBC}") = "06 Teile und Herrsche", "06 Teile und Herrsche\06 Teile und Herrsche.csproj", "{9BBF5EB1-BAF5-4B3E-9641-B2DD42127892}"
EndProject
Project("{FAE04EC0-301F-11D3-BF4B-00C04F79EFBC}") = "06 Tauschgeschäfte 01", "06 Tauschgeschäfte 01\06 Tauschgeschäfte 01.csproj", "{906D4DF6-6B0C-4B05-9724-ED3CC66ACB48}"
EndProject
Project("{FAE04EC0-301F-11D3-BF4B-00C04F79EFBC}") = "06 Kochrezept", "06 Kochrezept\06 Kochrezept.csproj", "{72ACDDF7-E016-498D-9096-F6CF5D93B63A}"
EndProject
Project("{FAE04EC0-301F-11D3-BF4B-00C04F79EFBC}") = "06 BMI", "06 Kochrezept1\06 BMI.csproj", "{B8B4587E-4CC2-4F32-920D-4C4E4DF05D8E}"
EndProject
Global
	GlobalSection(SolutionConfigurationPlatforms) = preSolution
		Debug|Any CPU = Debug|Any CPU
		Release|Any CPU = Release|Any CPU
	EndGlobalSection
	GlobalSection(ProjectConfigurationPlatforms) = postSolution
		{9BBF5EB1-BAF5-4B3E-9641-B2DD42127892}.Debug|Any CPU.ActiveCfg = Debug|Any CPU
		{9BBF5EB1-BAF5-4B3E-9641-B2DD42127892}.Debug|Any CPU.Build.0 = Debug|Any CPU
		{9BBF5EB1-BAF5-4B3E-9641-B2DD42127892}.Release|Any CPU.ActiveCfg = Release|Any CPU
		{9BBF5EB1-BAF5-4B3E-9641-B2DD42127892}.Release|Any CPU.Build.0 = Release|Any CPU
		{906D4DF6-6B0C-4B05-9724-ED3CC66ACB48}.Debug|Any CPU.ActiveCfg = Debug|Any CPU
		{906D4DF6-6B0C-4B05-9724-ED3CC66ACB48}.Debug|Any CPU.Build.0 = Debug|Any CPU
		{906D4DF6-6B0C-4B05-9724-ED3CC66ACB48}.Release|Any CPU.ActiveCfg = Release|Any CPU
		{906D4DF6-6B0C-4B05-9724-ED3CC66ACB48}.Release|Any CPU.Build.0 = Release|Any CPU
		{72ACDDF7-E016-498D-9096-F6CF5D93B63A}.Debug|Any CPU.ActiveCfg = Debug|Any CPU
		{72ACDDF7-E016-498D-9096-F6CF5D93B63A}.Debug|Any CPU.Build.0 = Debug|Any CPU
		{72ACDDF7-E016-498D-9096-F6CF5D93B63A}.Release|Any CPU.ActiveCfg = Release|Any CPU
		{72ACDDF7-E016-498D-9096-F6CF5D93B63A}.Release|Any CPU.Build.0 = Release|Any CPU
		{B8B4587E-4CC2-4F32-920D-4C4E4DF05D8E}.Debug|Any CPU.ActiveCfg = Debug|Any CPU
		{B8B4587E-4CC2-4F32-920D-4C4E4DF05D8E}.Debug|Any CPU.Build.0 = Debug|Any CPU
		{B8B4587E-4CC2-4F32-920D-4C4E4DF05D8E}.Release|Any CPU.ActiveCfg = Release|Any CPU
		{B8B4587E-4CC2-4F32-920D-4C4E4DF05D8E}.Release|Any CPU.Build.0 = Release|Any CPU
	EndGlobalSection
	GlobalSection(SolutionProperties) = preSolution
		HideSolutionNode = FALSE
	EndGlobalSection
EndGlobal
