
Microsoft Visual Studio Solution File, Format Version 12.00
# Visual Studio 2012
Project("{FAE04EC0-301F-11D3-BF4B-00C04F79EFBC}") = "Laufzeitkomplexitaet", "Laufzeitkomplexitaet\Laufzeitkomplexitaet.csproj", "{BBDB91DA-FAF9-4B37-9583-6E0E2A4765B4}"
EndProject
Project("{FAE04EC0-301F-11D3-BF4B-00C04F79EFBC}") = "Wortsuche", "Wortsuche\Wortsuche.csproj", "{6A740DD4-1CD4-4003-9D11-BECB98A3C142}"
EndProject
Project("{FAE04EC0-301F-11D3-BF4B-00C04F79EFBC}") = "Laufzeit Einfache Aufgabe", "Laufzeit Einfache Aufgabe\Laufzeit Einfache Aufgabe.csproj", "{7DEF1041-9A71-4571-8F0D-B5C23BF671F5}"
EndProject
Global
	GlobalSection(SolutionConfigurationPlatforms) = preSolution
		Debug|Any CPU = Debug|Any CPU
		Release|Any CPU = Release|Any CPU
	EndGlobalSection
	GlobalSection(ProjectConfigurationPlatforms) = postSolution
		{BBDB91DA-FAF9-4B37-9583-6E0E2A4765B4}.Debug|Any CPU.ActiveCfg = Debug|Any CPU
		{BBDB91DA-FAF9-4B37-9583-6E0E2A4765B4}.Debug|Any CPU.Build.0 = Debug|Any CPU
		{BBDB91DA-FAF9-4B37-9583-6E0E2A4765B4}.Release|Any CPU.ActiveCfg = Release|Any CPU
		{BBDB91DA-FAF9-4B37-9583-6E0E2A4765B4}.Release|Any CPU.Build.0 = Release|Any CPU
		{6A740DD4-1CD4-4003-9D11-BECB98A3C142}.Debug|Any CPU.ActiveCfg = Debug|Any CPU
		{6A740DD4-1CD4-4003-9D11-BECB98A3C142}.Debug|Any CPU.Build.0 = Debug|Any CPU
		{6A740DD4-1CD4-4003-9D11-BECB98A3C142}.Release|Any CPU.ActiveCfg = Release|Any CPU
		{6A740DD4-1CD4-4003-9D11-BECB98A3C142}.Release|Any CPU.Build.0 = Release|Any CPU
		{7DEF1041-9A71-4571-8F0D-B5C23BF671F5}.Debug|Any CPU.ActiveCfg = Debug|Any CPU
		{7DEF1041-9A71-4571-8F0D-B5C23BF671F5}.Debug|Any CPU.Build.0 = Debug|Any CPU
		{7DEF1041-9A71-4571-8F0D-B5C23BF671F5}.Release|Any CPU.ActiveCfg = Release|Any CPU
		{7DEF1041-9A71-4571-8F0D-B5C23BF671F5}.Release|Any CPU.Build.0 = Release|Any CPU
	EndGlobalSection
	GlobalSection(SolutionProperties) = preSolution
		HideSolutionNode = FALSE
	EndGlobalSection
EndGlobal
