
Microsoft Visual Studio Solution File, Format Version 12.00
# Visual Studio 2012
Project("{FAE04EC0-301F-11D3-BF4B-00C04F79EFBC}") = "15-Delegates", "15-Delegates\15-Delegates.csproj", "{78E0F982-7AB4-4DC2-8B40-C7DF775D8A1B}"
EndProject
Project("{FAE04EC0-301F-11D3-BF4B-00C04F79EFBC}") = "15-Delegates-Aufgaben", "15-Delegates-Aufgaben\15-Delegates-Aufgaben.csproj", "{C2AD472D-6D5D-4C44-A404-578A825DD086}"
EndProject
Project("{FAE04EC0-301F-11D3-BF4B-00C04F79EFBC}") = "15-Events", "15-Events\15-Events.csproj", "{1E31AAEB-E706-4F6F-853D-B2DB4E4B8B6B}"
EndProject
Global
	GlobalSection(SolutionConfigurationPlatforms) = preSolution
		Debug|Any CPU = Debug|Any CPU
		Release|Any CPU = Release|Any CPU
	EndGlobalSection
	GlobalSection(ProjectConfigurationPlatforms) = postSolution
		{78E0F982-7AB4-4DC2-8B40-C7DF775D8A1B}.Debug|Any CPU.ActiveCfg = Debug|Any CPU
		{78E0F982-7AB4-4DC2-8B40-C7DF775D8A1B}.Debug|Any CPU.Build.0 = Debug|Any CPU
		{78E0F982-7AB4-4DC2-8B40-C7DF775D8A1B}.Release|Any CPU.ActiveCfg = Release|Any CPU
		{78E0F982-7AB4-4DC2-8B40-C7DF775D8A1B}.Release|Any CPU.Build.0 = Release|Any CPU
		{C2AD472D-6D5D-4C44-A404-578A825DD086}.Debug|Any CPU.ActiveCfg = Debug|Any CPU
		{C2AD472D-6D5D-4C44-A404-578A825DD086}.Debug|Any CPU.Build.0 = Debug|Any CPU
		{C2AD472D-6D5D-4C44-A404-578A825DD086}.Release|Any CPU.ActiveCfg = Release|Any CPU
		{C2AD472D-6D5D-4C44-A404-578A825DD086}.Release|Any CPU.Build.0 = Release|Any CPU
		{1E31AAEB-E706-4F6F-853D-B2DB4E4B8B6B}.Debug|Any CPU.ActiveCfg = Debug|Any CPU
		{1E31AAEB-E706-4F6F-853D-B2DB4E4B8B6B}.Debug|Any CPU.Build.0 = Debug|Any CPU
		{1E31AAEB-E706-4F6F-853D-B2DB4E4B8B6B}.Release|Any CPU.ActiveCfg = Release|Any CPU
		{1E31AAEB-E706-4F6F-853D-B2DB4E4B8B6B}.Release|Any CPU.Build.0 = Release|Any CPU
	EndGlobalSection
	GlobalSection(SolutionProperties) = preSolution
		HideSolutionNode = FALSE
	EndGlobalSection
EndGlobal
