
Microsoft Visual Studio Solution File, Format Version 12.00
# Visual Studio 14
VisualStudioVersion = 14.0.25123.0
MinimumVisualStudioVersion = 10.0.40219.1
Project("{FAE04EC0-301F-11D3-BF4B-00C04F79EFBC}") = "Layouts", "Layouts\Layouts.csproj", "{5D9F8C28-B678-4E54-8659-7FD9496CE93A}"
EndProject
Project("{FAE04EC0-301F-11D3-BF4B-00C04F79EFBC}") = "Layout-Grundstruktur", "Layout-Grundstruktur\Layout-Grundstruktur.csproj", "{F45062A8-C0FD-4977-8540-88D4BADC1727}"
EndProject
Project("{FAE04EC0-301F-11D3-BF4B-00C04F79EFBC}") = "CanvasProbleme", "CanvasProbleme\CanvasProbleme.csproj", "{86ACF9C8-895A-4381-8E52-ED3B783B60F7}"
EndProject
Project("{FAE04EC0-301F-11D3-BF4B-00C04F79EFBC}") = "CanvasProbleme10", "CanvasProbleme10\CanvasProbleme10.csproj", "{FAA48EFC-A823-4AE1-8D1C-CCA78411468D}"
EndProject
Project("{FAE04EC0-301F-11D3-BF4B-00C04F79EFBC}") = "Layouts10", "Layouts10\Layouts10.csproj", "{46E3A297-772B-4F6F-9383-20CE81084324}"
EndProject
Global
	GlobalSection(SolutionConfigurationPlatforms) = preSolution
		Debug|Any CPU = Debug|Any CPU
		Debug|ARM = Debug|ARM
		Debug|x64 = Debug|x64
		Debug|x86 = Debug|x86
		Release|Any CPU = Release|Any CPU
		Release|ARM = Release|ARM
		Release|x64 = Release|x64
		Release|x86 = Release|x86
	EndGlobalSection
	GlobalSection(ProjectConfigurationPlatforms) = postSolution
		{5D9F8C28-B678-4E54-8659-7FD9496CE93A}.Debug|Any CPU.ActiveCfg = Debug|Any CPU
		{5D9F8C28-B678-4E54-8659-7FD9496CE93A}.Debug|Any CPU.Build.0 = Debug|Any CPU
		{5D9F8C28-B678-4E54-8659-7FD9496CE93A}.Debug|Any CPU.Deploy.0 = Debug|Any CPU
		{5D9F8C28-B678-4E54-8659-7FD9496CE93A}.Debug|ARM.ActiveCfg = Debug|ARM
		{5D9F8C28-B678-4E54-8659-7FD9496CE93A}.Debug|ARM.Build.0 = Debug|ARM
		{5D9F8C28-B678-4E54-8659-7FD9496CE93A}.Debug|ARM.Deploy.0 = Debug|ARM
		{5D9F8C28-B678-4E54-8659-7FD9496CE93A}.Debug|x64.ActiveCfg = Debug|x64
		{5D9F8C28-B678-4E54-8659-7FD9496CE93A}.Debug|x64.Build.0 = Debug|x64
		{5D9F8C28-B678-4E54-8659-7FD9496CE93A}.Debug|x64.Deploy.0 = Debug|x64
		{5D9F8C28-B678-4E54-8659-7FD9496CE93A}.Debug|x86.ActiveCfg = Debug|x86
		{5D9F8C28-B678-4E54-8659-7FD9496CE93A}.Debug|x86.Build.0 = Debug|x86
		{5D9F8C28-B678-4E54-8659-7FD9496CE93A}.Debug|x86.Deploy.0 = Debug|x86
		{5D9F8C28-B678-4E54-8659-7FD9496CE93A}.Release|Any CPU.ActiveCfg = Release|Any CPU
		{5D9F8C28-B678-4E54-8659-7FD9496CE93A}.Release|Any CPU.Build.0 = Release|Any CPU
		{5D9F8C28-B678-4E54-8659-7FD9496CE93A}.Release|Any CPU.Deploy.0 = Release|Any CPU
		{5D9F8C28-B678-4E54-8659-7FD9496CE93A}.Release|ARM.ActiveCfg = Release|ARM
		{5D9F8C28-B678-4E54-8659-7FD9496CE93A}.Release|ARM.Build.0 = Release|ARM
		{5D9F8C28-B678-4E54-8659-7FD9496CE93A}.Release|ARM.Deploy.0 = Release|ARM
		{5D9F8C28-B678-4E54-8659-7FD9496CE93A}.Release|x64.ActiveCfg = Release|x64
		{5D9F8C28-B678-4E54-8659-7FD9496CE93A}.Release|x64.Build.0 = Release|x64
		{5D9F8C28-B678-4E54-8659-7FD9496CE93A}.Release|x64.Deploy.0 = Release|x64
		{5D9F8C28-B678-4E54-8659-7FD9496CE93A}.Release|x86.ActiveCfg = Release|x86
		{5D9F8C28-B678-4E54-8659-7FD9496CE93A}.Release|x86.Build.0 = Release|x86
		{5D9F8C28-B678-4E54-8659-7FD9496CE93A}.Release|x86.Deploy.0 = Release|x86
		{F45062A8-C0FD-4977-8540-88D4BADC1727}.Debug|Any CPU.ActiveCfg = Debug|Any CPU
		{F45062A8-C0FD-4977-8540-88D4BADC1727}.Debug|Any CPU.Build.0 = Debug|Any CPU
		{F45062A8-C0FD-4977-8540-88D4BADC1727}.Debug|Any CPU.Deploy.0 = Debug|Any CPU
		{F45062A8-C0FD-4977-8540-88D4BADC1727}.Debug|ARM.ActiveCfg = Debug|ARM
		{F45062A8-C0FD-4977-8540-88D4BADC1727}.Debug|ARM.Build.0 = Debug|ARM
		{F45062A8-C0FD-4977-8540-88D4BADC1727}.Debug|ARM.Deploy.0 = Debug|ARM
		{F45062A8-C0FD-4977-8540-88D4BADC1727}.Debug|x64.ActiveCfg = Debug|x64
		{F45062A8-C0FD-4977-8540-88D4BADC1727}.Debug|x64.Build.0 = Debug|x64
		{F45062A8-C0FD-4977-8540-88D4BADC1727}.Debug|x64.Deploy.0 = Debug|x64
		{F45062A8-C0FD-4977-8540-88D4BADC1727}.Debug|x86.ActiveCfg = Debug|x86
		{F45062A8-C0FD-4977-8540-88D4BADC1727}.Debug|x86.Build.0 = Debug|x86
		{F45062A8-C0FD-4977-8540-88D4BADC1727}.Debug|x86.Deploy.0 = Debug|x86
		{F45062A8-C0FD-4977-8540-88D4BADC1727}.Release|Any CPU.ActiveCfg = Release|Any CPU
		{F45062A8-C0FD-4977-8540-88D4BADC1727}.Release|Any CPU.Build.0 = Release|Any CPU
		{F45062A8-C0FD-4977-8540-88D4BADC1727}.Release|Any CPU.Deploy.0 = Release|Any CPU
		{F45062A8-C0FD-4977-8540-88D4BADC1727}.Release|ARM.ActiveCfg = Release|ARM
		{F45062A8-C0FD-4977-8540-88D4BADC1727}.Release|ARM.Build.0 = Release|ARM
		{F45062A8-C0FD-4977-8540-88D4BADC1727}.Release|ARM.Deploy.0 = Release|ARM
		{F45062A8-C0FD-4977-8540-88D4BADC1727}.Release|x64.ActiveCfg = Release|x64
		{F45062A8-C0FD-4977-8540-88D4BADC1727}.Release|x64.Build.0 = Release|x64
		{F45062A8-C0FD-4977-8540-88D4BADC1727}.Release|x64.Deploy.0 = Release|x64
		{F45062A8-C0FD-4977-8540-88D4BADC1727}.Release|x86.ActiveCfg = Release|x86
		{F45062A8-C0FD-4977-8540-88D4BADC1727}.Release|x86.Build.0 = Release|x86
		{F45062A8-C0FD-4977-8540-88D4BADC1727}.Release|x86.Deploy.0 = Release|x86
		{86ACF9C8-895A-4381-8E52-ED3B783B60F7}.Debug|Any CPU.ActiveCfg = Debug|Any CPU
		{86ACF9C8-895A-4381-8E52-ED3B783B60F7}.Debug|Any CPU.Build.0 = Debug|Any CPU
		{86ACF9C8-895A-4381-8E52-ED3B783B60F7}.Debug|Any CPU.Deploy.0 = Debug|Any CPU
		{86ACF9C8-895A-4381-8E52-ED3B783B60F7}.Debug|ARM.ActiveCfg = Debug|ARM
		{86ACF9C8-895A-4381-8E52-ED3B783B60F7}.Debug|ARM.Build.0 = Debug|ARM
		{86ACF9C8-895A-4381-8E52-ED3B783B60F7}.Debug|ARM.Deploy.0 = Debug|ARM
		{86ACF9C8-895A-4381-8E52-ED3B783B60F7}.Debug|x64.ActiveCfg = Debug|x64
		{86ACF9C8-895A-4381-8E52-ED3B783B60F7}.Debug|x64.Build.0 = Debug|x64
		{86ACF9C8-895A-4381-8E52-ED3B783B60F7}.Debug|x64.Deploy.0 = Debug|x64
		{86ACF9C8-895A-4381-8E52-ED3B783B60F7}.Debug|x86.ActiveCfg = Debug|x86
		{86ACF9C8-895A-4381-8E52-ED3B783B60F7}.Debug|x86.Build.0 = Debug|x86
		{86ACF9C8-895A-4381-8E52-ED3B783B60F7}.Debug|x86.Deploy.0 = Debug|x86
		{86ACF9C8-895A-4381-8E52-ED3B783B60F7}.Release|Any CPU.ActiveCfg = Release|Any CPU
		{86ACF9C8-895A-4381-8E52-ED3B783B60F7}.Release|Any CPU.Build.0 = Release|Any CPU
		{86ACF9C8-895A-4381-8E52-ED3B783B60F7}.Release|Any CPU.Deploy.0 = Release|Any CPU
		{86ACF9C8-895A-4381-8E52-ED3B783B60F7}.Release|ARM.ActiveCfg = Release|ARM
		{86ACF9C8-895A-4381-8E52-ED3B783B60F7}.Release|ARM.Build.0 = Release|ARM
		{86ACF9C8-895A-4381-8E52-ED3B783B60F7}.Release|ARM.Deploy.0 = Release|ARM
		{86ACF9C8-895A-4381-8E52-ED3B783B60F7}.Release|x64.ActiveCfg = Release|x64
		{86ACF9C8-895A-4381-8E52-ED3B783B60F7}.Release|x64.Build.0 = Release|x64
		{86ACF9C8-895A-4381-8E52-ED3B783B60F7}.Release|x64.Deploy.0 = Release|x64
		{86ACF9C8-895A-4381-8E52-ED3B783B60F7}.Release|x86.ActiveCfg = Release|x86
		{86ACF9C8-895A-4381-8E52-ED3B783B60F7}.Release|x86.Build.0 = Release|x86
		{86ACF9C8-895A-4381-8E52-ED3B783B60F7}.Release|x86.Deploy.0 = Release|x86
		{FAA48EFC-A823-4AE1-8D1C-CCA78411468D}.Debug|Any CPU.ActiveCfg = Debug|x86
		{FAA48EFC-A823-4AE1-8D1C-CCA78411468D}.Debug|ARM.ActiveCfg = Debug|ARM
		{FAA48EFC-A823-4AE1-8D1C-CCA78411468D}.Debug|ARM.Build.0 = Debug|ARM
		{FAA48EFC-A823-4AE1-8D1C-CCA78411468D}.Debug|ARM.Deploy.0 = Debug|ARM
		{FAA48EFC-A823-4AE1-8D1C-CCA78411468D}.Debug|x64.ActiveCfg = Debug|x64
		{FAA48EFC-A823-4AE1-8D1C-CCA78411468D}.Debug|x64.Build.0 = Debug|x64
		{FAA48EFC-A823-4AE1-8D1C-CCA78411468D}.Debug|x64.Deploy.0 = Debug|x64
		{FAA48EFC-A823-4AE1-8D1C-CCA78411468D}.Debug|x86.ActiveCfg = Debug|x86
		{FAA48EFC-A823-4AE1-8D1C-CCA78411468D}.Debug|x86.Build.0 = Debug|x86
		{FAA48EFC-A823-4AE1-8D1C-CCA78411468D}.Debug|x86.Deploy.0 = Debug|x86
		{FAA48EFC-A823-4AE1-8D1C-CCA78411468D}.Release|Any CPU.ActiveCfg = Release|x86
		{FAA48EFC-A823-4AE1-8D1C-CCA78411468D}.Release|ARM.ActiveCfg = Release|ARM
		{FAA48EFC-A823-4AE1-8D1C-CCA78411468D}.Release|ARM.Build.0 = Release|ARM
		{FAA48EFC-A823-4AE1-8D1C-CCA78411468D}.Release|ARM.Deploy.0 = Release|ARM
		{FAA48EFC-A823-4AE1-8D1C-CCA78411468D}.Release|x64.ActiveCfg = Release|x64
		{FAA48EFC-A823-4AE1-8D1C-CCA78411468D}.Release|x64.Build.0 = Release|x64
		{FAA48EFC-A823-4AE1-8D1C-CCA78411468D}.Release|x64.Deploy.0 = Release|x64
		{FAA48EFC-A823-4AE1-8D1C-CCA78411468D}.Release|x86.ActiveCfg = Release|x86
		{FAA48EFC-A823-4AE1-8D1C-CCA78411468D}.Release|x86.Build.0 = Release|x86
		{FAA48EFC-A823-4AE1-8D1C-CCA78411468D}.Release|x86.Deploy.0 = Release|x86
		{46E3A297-772B-4F6F-9383-20CE81084324}.Debug|Any CPU.ActiveCfg = Debug|x86
		{46E3A297-772B-4F6F-9383-20CE81084324}.Debug|ARM.ActiveCfg = Debug|ARM
		{46E3A297-772B-4F6F-9383-20CE81084324}.Debug|ARM.Build.0 = Debug|ARM
		{46E3A297-772B-4F6F-9383-20CE81084324}.Debug|ARM.Deploy.0 = Debug|ARM
		{46E3A297-772B-4F6F-9383-20CE81084324}.Debug|x64.ActiveCfg = Debug|x64
		{46E3A297-772B-4F6F-9383-20CE81084324}.Debug|x64.Build.0 = Debug|x64
		{46E3A297-772B-4F6F-9383-20CE81084324}.Debug|x64.Deploy.0 = Debug|x64
		{46E3A297-772B-4F6F-9383-20CE81084324}.Debug|x86.ActiveCfg = Debug|x86
		{46E3A297-772B-4F6F-9383-20CE81084324}.Debug|x86.Build.0 = Debug|x86
		{46E3A297-772B-4F6F-9383-20CE81084324}.Debug|x86.Deploy.0 = Debug|x86
		{46E3A297-772B-4F6F-9383-20CE81084324}.Release|Any CPU.ActiveCfg = Release|x86
		{46E3A297-772B-4F6F-9383-20CE81084324}.Release|ARM.ActiveCfg = Release|ARM
		{46E3A297-772B-4F6F-9383-20CE81084324}.Release|ARM.Build.0 = Release|ARM
		{46E3A297-772B-4F6F-9383-20CE81084324}.Release|ARM.Deploy.0 = Release|ARM
		{46E3A297-772B-4F6F-9383-20CE81084324}.Release|x64.ActiveCfg = Release|x64
		{46E3A297-772B-4F6F-9383-20CE81084324}.Release|x64.Build.0 = Release|x64
		{46E3A297-772B-4F6F-9383-20CE81084324}.Release|x64.Deploy.0 = Release|x64
		{46E3A297-772B-4F6F-9383-20CE81084324}.Release|x86.ActiveCfg = Release|x86
		{46E3A297-772B-4F6F-9383-20CE81084324}.Release|x86.Build.0 = Release|x86
		{46E3A297-772B-4F6F-9383-20CE81084324}.Release|x86.Deploy.0 = Release|x86
	EndGlobalSection
	GlobalSection(SolutionProperties) = preSolution
		HideSolutionNode = FALSE
	EndGlobalSection
EndGlobal
