
Microsoft Visual Studio Solution File, Format Version 12.00
# Visual Studio 2012
Project("{FAE04EC0-301F-11D3-BF4B-00C04F79EFBC}") = "09 Erben Ohne Sterben", "09 Erben Ohne Sterben\09 Erben Ohne Sterben.csproj", "{42864370-22DC-490E-ADE2-E08D39FFCABD}"
EndProject
Project("{FAE04EC0-301F-11D3-BF4B-00C04F79EFBC}") = "09 Polymorphismus", "09 Polymorphismus\09 Polymorphismus.csproj", "{B834326D-5CC4-48EC-A1B3-6BE97F73568F}"
EndProject
Global
	GlobalSection(SolutionConfigurationPlatforms) = preSolution
		Debug|Any CPU = Debug|Any CPU
		Release|Any CPU = Release|Any CPU
	EndGlobalSection
	GlobalSection(ProjectConfigurationPlatforms) = postSolution
		{42864370-22DC-490E-ADE2-E08D39FFCABD}.Debug|Any CPU.ActiveCfg = Debug|Any CPU
		{42864370-22DC-490E-ADE2-E08D39FFCABD}.Debug|Any CPU.Build.0 = Debug|Any CPU
		{42864370-22DC-490E-ADE2-E08D39FFCABD}.Release|Any CPU.ActiveCfg = Release|Any CPU
		{42864370-22DC-490E-ADE2-E08D39FFCABD}.Release|Any CPU.Build.0 = Release|Any CPU
		{B834326D-5CC4-48EC-A1B3-6BE97F73568F}.Debug|Any CPU.ActiveCfg = Debug|Any CPU
		{B834326D-5CC4-48EC-A1B3-6BE97F73568F}.Debug|Any CPU.Build.0 = Debug|Any CPU
		{B834326D-5CC4-48EC-A1B3-6BE97F73568F}.Release|Any CPU.ActiveCfg = Release|Any CPU
		{B834326D-5CC4-48EC-A1B3-6BE97F73568F}.Release|Any CPU.Build.0 = Release|Any CPU
	EndGlobalSection
	GlobalSection(SolutionProperties) = preSolution
		HideSolutionNode = FALSE
	EndGlobalSection
EndGlobal
